// !$*UTF8*$!
{
	archiveVersion = 1;
	classes = {
	};
	objectVersion = 51;
	objects = {

/* Begin PBXBuildFile section */
		141580BD23E6CF1C009F9218 /* AppDelegate.swift in Sources */ = {isa = PBXBuildFile; fileRef = 141580BC23E6CF1C009F9218 /* AppDelegate.swift */; };
		141580BF23E6CF1C009F9218 /* MainViewController.swift in Sources */ = {isa = PBXBuildFile; fileRef = 141580BE23E6CF1C009F9218 /* MainViewController.swift */; };
		141580C223E6CF1D009F9218 /* Main.storyboard in Resources */ = {isa = PBXBuildFile; fileRef = 141580C023E6CF1D009F9218 /* Main.storyboard */; };
		141580C523E6CF1D009F9218 /* seat_code.xcdatamodeld in Sources */ = {isa = PBXBuildFile; fileRef = 141580C323E6CF1D009F9218 /* seat_code.xcdatamodeld */; };
		141580C723E6CF1F009F9218 /* Assets.xcassets in Resources */ = {isa = PBXBuildFile; fileRef = 141580C623E6CF1F009F9218 /* Assets.xcassets */; };
		141580CA23E6CF1F009F9218 /* LaunchScreen.storyboard in Resources */ = {isa = PBXBuildFile; fileRef = 141580C823E6CF1F009F9218 /* LaunchScreen.storyboard */; };
		141580D523E6CF1F009F9218 /* seat_codeTests.swift in Sources */ = {isa = PBXBuildFile; fileRef = 141580D423E6CF1F009F9218 /* seat_codeTests.swift */; };
		141580E023E6CF1F009F9218 /* seat_codeUITests.swift in Sources */ = {isa = PBXBuildFile; fileRef = 141580DF23E6CF1F009F9218 /* seat_codeUITests.swift */; };
		141580F123E6DC6E009F9218 /* Trip.swift in Sources */ = {isa = PBXBuildFile; fileRef = 141580F023E6DC6E009F9218 /* Trip.swift */; };
		141580F323E6E37B009F9218 /* Stop.swift in Sources */ = {isa = PBXBuildFile; fileRef = 141580F223E6E37B009F9218 /* Stop.swift */; };
		141580F523E6E3B7009F9218 /* MapPoint.swift in Sources */ = {isa = PBXBuildFile; fileRef = 141580F423E6E3B7009F9218 /* MapPoint.swift */; };
		141580F723E6E969009F9218 /* Point.swift in Sources */ = {isa = PBXBuildFile; fileRef = 141580F623E6E969009F9218 /* Point.swift */; };
		141580F923E73325009F9218 /* MainViewModel.swift in Sources */ = {isa = PBXBuildFile; fileRef = 141580F823E73325009F9218 /* MainViewModel.swift */; };
		141580FC23E7379B009F9218 /* ResourcesApi.swift in Sources */ = {isa = PBXBuildFile; fileRef = 141580FB23E7379B009F9218 /* ResourcesApi.swift */; };
		141580FF23E738A7009F9218 /* DataProvider.swift in Sources */ = {isa = PBXBuildFile; fileRef = 141580FE23E738A7009F9218 /* DataProvider.swift */; };
		1415810123E738CF009F9218 /* NetworkProvider.swift in Sources */ = {isa = PBXBuildFile; fileRef = 1415810023E738CF009F9218 /* NetworkProvider.swift */; };
		65C33D472CE0E96C68C32CCD /* Pods_seat_codeUITests.framework in Frameworks */ = {isa = PBXBuildFile; fileRef = DA8000F99B227E09F9A02020 /* Pods_seat_codeUITests.framework */; };
		8BB9E36C758D9ECBD21A9FC1 /* Pods_seat_codeTests.framework in Frameworks */ = {isa = PBXBuildFile; fileRef = EA789309F6C3872BCCA40D75 /* Pods_seat_codeTests.framework */; };
		D76BA60402994454F64C3FDC /* Pods_seat_code.framework in Frameworks */ = {isa = PBXBuildFile; fileRef = 9FC8112348142E7258AC6BBE /* Pods_seat_code.framework */; };
		DA38878323E8342B00EDEBFC /* TripTableViewCell.swift in Sources */ = {isa = PBXBuildFile; fileRef = DA38878223E8342B00EDEBFC /* TripTableViewCell.swift */; };
		DA38878623E8345E00EDEBFC /* TripTableViewCell.xib in Resources */ = {isa = PBXBuildFile; fileRef = DA38878523E8345E00EDEBFC /* TripTableViewCell.xib */; };
		DA38878923E852E700EDEBFC /* String+Extension.swift in Sources */ = {isa = PBXBuildFile; fileRef = DA38878823E852E700EDEBFC /* String+Extension.swift */; };
		DA38878B23E8577400EDEBFC /* Date+Extension.swift in Sources */ = {isa = PBXBuildFile; fileRef = DA38878A23E8577400EDEBFC /* Date+Extension.swift */; };
		DAFB217A23EAC5BC00D4E57B /* MapControllerProtocol.swift in Sources */ = {isa = PBXBuildFile; fileRef = DAFB217923EAC5BC00D4E57B /* MapControllerProtocol.swift */; };
		DAFB217D23EACAC500D4E57B /* GmapsController.swift in Sources */ = {isa = PBXBuildFile; fileRef = DAFB217C23EACAC500D4E57B /* GmapsController.swift */; };
/* End PBXBuildFile section */

/* Begin PBXContainerItemProxy section */
		141580D123E6CF1F009F9218 /* PBXContainerItemProxy */ = {
			isa = PBXContainerItemProxy;
			containerPortal = 141580B123E6CF1C009F9218 /* Project object */;
			proxyType = 1;
			remoteGlobalIDString = 141580B823E6CF1C009F9218;
			remoteInfo = "seat-code";
		};
		141580DC23E6CF1F009F9218 /* PBXContainerItemProxy */ = {
			isa = PBXContainerItemProxy;
			containerPortal = 141580B123E6CF1C009F9218 /* Project object */;
			proxyType = 1;
			remoteGlobalIDString = 141580B823E6CF1C009F9218;
			remoteInfo = "seat-code";
		};
/* End PBXContainerItemProxy section */

/* Begin PBXFileReference section */
		141580B923E6CF1C009F9218 /* seat-code.app */ = {isa = PBXFileReference; explicitFileType = wrapper.application; includeInIndex = 0; path = "seat-code.app"; sourceTree = BUILT_PRODUCTS_DIR; };
		141580BC23E6CF1C009F9218 /* AppDelegate.swift */ = {isa = PBXFileReference; lastKnownFileType = sourcecode.swift; path = AppDelegate.swift; sourceTree = "<group>"; };
		141580BE23E6CF1C009F9218 /* MainViewController.swift */ = {isa = PBXFileReference; lastKnownFileType = sourcecode.swift; path = MainViewController.swift; sourceTree = "<group>"; };
		141580C123E6CF1D009F9218 /* Base */ = {isa = PBXFileReference; lastKnownFileType = file.storyboard; name = Base; path = Base.lproj/Main.storyboard; sourceTree = "<group>"; };
		141580C423E6CF1D009F9218 /* seat_code.xcdatamodel */ = {isa = PBXFileReference; lastKnownFileType = wrapper.xcdatamodel; path = seat_code.xcdatamodel; sourceTree = "<group>"; };
		141580C623E6CF1F009F9218 /* Assets.xcassets */ = {isa = PBXFileReference; lastKnownFileType = folder.assetcatalog; path = Assets.xcassets; sourceTree = "<group>"; };
		141580C923E6CF1F009F9218 /* Base */ = {isa = PBXFileReference; lastKnownFileType = file.storyboard; name = Base; path = Base.lproj/LaunchScreen.storyboard; sourceTree = "<group>"; };
		141580CB23E6CF1F009F9218 /* Info.plist */ = {isa = PBXFileReference; lastKnownFileType = text.plist.xml; path = Info.plist; sourceTree = "<group>"; };
		141580D023E6CF1F009F9218 /* seat-codeTests.xctest */ = {isa = PBXFileReference; explicitFileType = wrapper.cfbundle; includeInIndex = 0; path = "seat-codeTests.xctest"; sourceTree = BUILT_PRODUCTS_DIR; };
		141580D423E6CF1F009F9218 /* seat_codeTests.swift */ = {isa = PBXFileReference; lastKnownFileType = sourcecode.swift; path = seat_codeTests.swift; sourceTree = "<group>"; };
		141580D623E6CF1F009F9218 /* Info.plist */ = {isa = PBXFileReference; lastKnownFileType = text.plist.xml; path = Info.plist; sourceTree = "<group>"; };
		141580DB23E6CF1F009F9218 /* seat-codeUITests.xctest */ = {isa = PBXFileReference; explicitFileType = wrapper.cfbundle; includeInIndex = 0; path = "seat-codeUITests.xctest"; sourceTree = BUILT_PRODUCTS_DIR; };
		141580DF23E6CF1F009F9218 /* seat_codeUITests.swift */ = {isa = PBXFileReference; lastKnownFileType = sourcecode.swift; path = seat_codeUITests.swift; sourceTree = "<group>"; };
		141580E123E6CF1F009F9218 /* Info.plist */ = {isa = PBXFileReference; lastKnownFileType = text.plist.xml; path = Info.plist; sourceTree = "<group>"; };
		141580F023E6DC6E009F9218 /* Trip.swift */ = {isa = PBXFileReference; lastKnownFileType = sourcecode.swift; path = Trip.swift; sourceTree = "<group>"; };
		141580F223E6E37B009F9218 /* Stop.swift */ = {isa = PBXFileReference; lastKnownFileType = sourcecode.swift; path = Stop.swift; sourceTree = "<group>"; };
		141580F423E6E3B7009F9218 /* MapPoint.swift */ = {isa = PBXFileReference; lastKnownFileType = sourcecode.swift; path = MapPoint.swift; sourceTree = "<group>"; };
		141580F623E6E969009F9218 /* Point.swift */ = {isa = PBXFileReference; lastKnownFileType = sourcecode.swift; path = Point.swift; sourceTree = "<group>"; };
		141580F823E73325009F9218 /* MainViewModel.swift */ = {isa = PBXFileReference; lastKnownFileType = sourcecode.swift; path = MainViewModel.swift; sourceTree = "<group>"; };
		141580FB23E7379B009F9218 /* ResourcesApi.swift */ = {isa = PBXFileReference; lastKnownFileType = sourcecode.swift; path = ResourcesApi.swift; sourceTree = "<group>"; };
		141580FE23E738A7009F9218 /* DataProvider.swift */ = {isa = PBXFileReference; lastKnownFileType = sourcecode.swift; path = DataProvider.swift; sourceTree = "<group>"; };
		1415810023E738CF009F9218 /* NetworkProvider.swift */ = {isa = PBXFileReference; lastKnownFileType = sourcecode.swift; path = NetworkProvider.swift; sourceTree = "<group>"; };
		33B1F74E84A33902E41B9D3A /* Pods-seat-codeTests.release.xcconfig */ = {isa = PBXFileReference; includeInIndex = 1; lastKnownFileType = text.xcconfig; name = "Pods-seat-codeTests.release.xcconfig"; path = "Target Support Files/Pods-seat-codeTests/Pods-seat-codeTests.release.xcconfig"; sourceTree = "<group>"; };
		40087BAB39A5296257128430 /* Pods-seat-codeTests.debug.xcconfig */ = {isa = PBXFileReference; includeInIndex = 1; lastKnownFileType = text.xcconfig; name = "Pods-seat-codeTests.debug.xcconfig"; path = "Target Support Files/Pods-seat-codeTests/Pods-seat-codeTests.debug.xcconfig"; sourceTree = "<group>"; };
		8D2BE8622AB3682129542829 /* Pods-seat-code.debug.xcconfig */ = {isa = PBXFileReference; includeInIndex = 1; lastKnownFileType = text.xcconfig; name = "Pods-seat-code.debug.xcconfig"; path = "Target Support Files/Pods-seat-code/Pods-seat-code.debug.xcconfig"; sourceTree = "<group>"; };
		94AFFC1D74E8D3783FA82BE0 /* Pods-seat-codeUITests.release.xcconfig */ = {isa = PBXFileReference; includeInIndex = 1; lastKnownFileType = text.xcconfig; name = "Pods-seat-codeUITests.release.xcconfig"; path = "Target Support Files/Pods-seat-codeUITests/Pods-seat-codeUITests.release.xcconfig"; sourceTree = "<group>"; };
		964D855A8957945352BA8517 /* Pods-seat-codeUITests.debug.xcconfig */ = {isa = PBXFileReference; includeInIndex = 1; lastKnownFileType = text.xcconfig; name = "Pods-seat-codeUITests.debug.xcconfig"; path = "Target Support Files/Pods-seat-codeUITests/Pods-seat-codeUITests.debug.xcconfig"; sourceTree = "<group>"; };
		9FC8112348142E7258AC6BBE /* Pods_seat_code.framework */ = {isa = PBXFileReference; explicitFileType = wrapper.framework; includeInIndex = 0; path = Pods_seat_code.framework; sourceTree = BUILT_PRODUCTS_DIR; };
		DA38878223E8342B00EDEBFC /* TripTableViewCell.swift */ = {isa = PBXFileReference; lastKnownFileType = sourcecode.swift; path = TripTableViewCell.swift; sourceTree = "<group>"; };
		DA38878523E8345E00EDEBFC /* TripTableViewCell.xib */ = {isa = PBXFileReference; lastKnownFileType = file.xib; path = TripTableViewCell.xib; sourceTree = "<group>"; };
		DA38878823E852E700EDEBFC /* String+Extension.swift */ = {isa = PBXFileReference; lastKnownFileType = sourcecode.swift; path = "String+Extension.swift"; sourceTree = "<group>"; };
		DA38878A23E8577400EDEBFC /* Date+Extension.swift */ = {isa = PBXFileReference; lastKnownFileType = sourcecode.swift; path = "Date+Extension.swift"; sourceTree = "<group>"; };
		DA8000F99B227E09F9A02020 /* Pods_seat_codeUITests.framework */ = {isa = PBXFileReference; explicitFileType = wrapper.framework; includeInIndex = 0; path = Pods_seat_codeUITests.framework; sourceTree = BUILT_PRODUCTS_DIR; };
		DAFB217923EAC5BC00D4E57B /* MapControllerProtocol.swift */ = {isa = PBXFileReference; lastKnownFileType = sourcecode.swift; path = MapControllerProtocol.swift; sourceTree = "<group>"; };
		DAFB217C23EACAC500D4E57B /* GmapsController.swift */ = {isa = PBXFileReference; lastKnownFileType = sourcecode.swift; path = GmapsController.swift; sourceTree = "<group>"; };
		DDFAFA19F217DED80F10C3AC /* Pods-seat-code.release.xcconfig */ = {isa = PBXFileReference; includeInIndex = 1; lastKnownFileType = text.xcconfig; name = "Pods-seat-code.release.xcconfig"; path = "Target Support Files/Pods-seat-code/Pods-seat-code.release.xcconfig"; sourceTree = "<group>"; };
		EA789309F6C3872BCCA40D75 /* Pods_seat_codeTests.framework */ = {isa = PBXFileReference; explicitFileType = wrapper.framework; includeInIndex = 0; path = Pods_seat_codeTests.framework; sourceTree = BUILT_PRODUCTS_DIR; };
/* End PBXFileReference section */

/* Begin PBXFrameworksBuildPhase section */
		141580B623E6CF1C009F9218 /* Frameworks */ = {
			isa = PBXFrameworksBuildPhase;
			buildActionMask = 2147483647;
			files = (
				D76BA60402994454F64C3FDC /* Pods_seat_code.framework in Frameworks */,
			);
			runOnlyForDeploymentPostprocessing = 0;
		};
		141580CD23E6CF1F009F9218 /* Frameworks */ = {
			isa = PBXFrameworksBuildPhase;
			buildActionMask = 2147483647;
			files = (
				8BB9E36C758D9ECBD21A9FC1 /* Pods_seat_codeTests.framework in Frameworks */,
			);
			runOnlyForDeploymentPostprocessing = 0;
		};
		141580D823E6CF1F009F9218 /* Frameworks */ = {
			isa = PBXFrameworksBuildPhase;
			buildActionMask = 2147483647;
			files = (
				65C33D472CE0E96C68C32CCD /* Pods_seat_codeUITests.framework in Frameworks */,
			);
			runOnlyForDeploymentPostprocessing = 0;
		};
/* End PBXFrameworksBuildPhase section */

/* Begin PBXGroup section */
		0E294865A636859BBD12A30B /* Pods */ = {
			isa = PBXGroup;
			children = (
				8D2BE8622AB3682129542829 /* Pods-seat-code.debug.xcconfig */,
				DDFAFA19F217DED80F10C3AC /* Pods-seat-code.release.xcconfig */,
				40087BAB39A5296257128430 /* Pods-seat-codeTests.debug.xcconfig */,
				33B1F74E84A33902E41B9D3A /* Pods-seat-codeTests.release.xcconfig */,
				964D855A8957945352BA8517 /* Pods-seat-codeUITests.debug.xcconfig */,
				94AFFC1D74E8D3783FA82BE0 /* Pods-seat-codeUITests.release.xcconfig */,
			);
			path = Pods;
			sourceTree = "<group>";
		};
		141580B023E6CF1C009F9218 = {
			isa = PBXGroup;
			children = (
				141580BB23E6CF1C009F9218 /* seat-code */,
				141580D323E6CF1F009F9218 /* seat-codeTests */,
				141580DE23E6CF1F009F9218 /* seat-codeUITests */,
				141580BA23E6CF1C009F9218 /* Products */,
				0E294865A636859BBD12A30B /* Pods */,
				E7FDC1BA30B2B767918953B3 /* Frameworks */,
			);
			sourceTree = "<group>";
		};
		141580BA23E6CF1C009F9218 /* Products */ = {
			isa = PBXGroup;
			children = (
				141580B923E6CF1C009F9218 /* seat-code.app */,
				141580D023E6CF1F009F9218 /* seat-codeTests.xctest */,
				141580DB23E6CF1F009F9218 /* seat-codeUITests.xctest */,
			);
			name = Products;
			sourceTree = "<group>";
		};
		141580BB23E6CF1C009F9218 /* seat-code */ = {
			isa = PBXGroup;
			children = (
				DA38878723E8525B00EDEBFC /* Extensions */,
				141580FA23E73728009F9218 /* Data */,
				141580ED23E6D11B009F9218 /* View */,
				141580EE23E6D131009F9218 /* ViewModel */,
				141580EF23E6D13E009F9218 /* Model */,
				141580BC23E6CF1C009F9218 /* AppDelegate.swift */,
				141580C023E6CF1D009F9218 /* Main.storyboard */,
				141580C623E6CF1F009F9218 /* Assets.xcassets */,
				141580C823E6CF1F009F9218 /* LaunchScreen.storyboard */,
				141580CB23E6CF1F009F9218 /* Info.plist */,
				141580C323E6CF1D009F9218 /* seat_code.xcdatamodeld */,
			);
			path = "seat-code";
			sourceTree = "<group>";
		};
		141580D323E6CF1F009F9218 /* seat-codeTests */ = {
			isa = PBXGroup;
			children = (
				141580D423E6CF1F009F9218 /* seat_codeTests.swift */,
				141580D623E6CF1F009F9218 /* Info.plist */,
			);
			path = "seat-codeTests";
			sourceTree = "<group>";
		};
		141580DE23E6CF1F009F9218 /* seat-codeUITests */ = {
			isa = PBXGroup;
			children = (
				141580DF23E6CF1F009F9218 /* seat_codeUITests.swift */,
				141580E123E6CF1F009F9218 /* Info.plist */,
			);
			path = "seat-codeUITests";
			sourceTree = "<group>";
		};
		141580ED23E6D11B009F9218 /* View */ = {
			isa = PBXGroup;
			children = (
				DAFB217B23EACAAB00D4E57B /* MapController */,
				DA38878423E8343000EDEBFC /* TableViewCells */,
				141580BE23E6CF1C009F9218 /* MainViewController.swift */,
			);
			path = View;
			sourceTree = "<group>";
		};
		141580EE23E6D131009F9218 /* ViewModel */ = {
			isa = PBXGroup;
			children = (
				141580F823E73325009F9218 /* MainViewModel.swift */,
			);
			path = ViewModel;
			sourceTree = "<group>";
		};
		141580EF23E6D13E009F9218 /* Model */ = {
			isa = PBXGroup;
			children = (
				141580F023E6DC6E009F9218 /* Trip.swift */,
				141580F223E6E37B009F9218 /* Stop.swift */,
				141580F423E6E3B7009F9218 /* MapPoint.swift */,
				141580F623E6E969009F9218 /* Point.swift */,
			);
			path = Model;
			sourceTree = "<group>";
		};
		141580FA23E73728009F9218 /* Data */ = {
			isa = PBXGroup;
			children = (
				141580FB23E7379B009F9218 /* ResourcesApi.swift */,
				141580FE23E738A7009F9218 /* DataProvider.swift */,
				1415810023E738CF009F9218 /* NetworkProvider.swift */,
			);
			path = Data;
			sourceTree = "<group>";
		};
		DA38878423E8343000EDEBFC /* TableViewCells */ = {
			isa = PBXGroup;
			children = (
				DA38878223E8342B00EDEBFC /* TripTableViewCell.swift */,
				DA38878523E8345E00EDEBFC /* TripTableViewCell.xib */,
			);
			path = TableViewCells;
			sourceTree = "<group>";
		};
		DA38878723E8525B00EDEBFC /* Extensions */ = {
			isa = PBXGroup;
			children = (
				DA38878823E852E700EDEBFC /* String+Extension.swift */,
				DA38878A23E8577400EDEBFC /* Date+Extension.swift */,
			);
			path = Extensions;
			sourceTree = "<group>";
		};
		DAFB217B23EACAAB00D4E57B /* MapController */ = {
			isa = PBXGroup;
			children = (
				DAFB217923EAC5BC00D4E57B /* MapControllerProtocol.swift */,
				DAFB217C23EACAC500D4E57B /* GmapsController.swift */,
			);
			path = MapController;
			sourceTree = "<group>";
		};
		E7FDC1BA30B2B767918953B3 /* Frameworks */ = {
			isa = PBXGroup;
			children = (
				9FC8112348142E7258AC6BBE /* Pods_seat_code.framework */,
				EA789309F6C3872BCCA40D75 /* Pods_seat_codeTests.framework */,
				DA8000F99B227E09F9A02020 /* Pods_seat_codeUITests.framework */,
			);
			name = Frameworks;
			sourceTree = "<group>";
		};
/* End PBXGroup section */

/* Begin PBXNativeTarget section */
		141580B823E6CF1C009F9218 /* seat-code */ = {
			isa = PBXNativeTarget;
			buildConfigurationList = 141580E423E6CF1F009F9218 /* Build configuration list for PBXNativeTarget "seat-code" */;
			buildPhases = (
				32CDE80B0A2A5E3E5480F9B9 /* [CP] Check Pods Manifest.lock */,
				141580B523E6CF1C009F9218 /* Sources */,
				141580B623E6CF1C009F9218 /* Frameworks */,
				141580B723E6CF1C009F9218 /* Resources */,
				AC1F4BEE84307AEE6DE83701 /* [CP] Copy Pods Resources */,
				B228A2F985A8728125A0761D /* [CP] Embed Pods Frameworks */,
			);
			buildRules = (
			);
			dependencies = (
			);
			name = "seat-code";
			productName = "seat-code";
			productReference = 141580B923E6CF1C009F9218 /* seat-code.app */;
			productType = "com.apple.product-type.application";
		};
		141580CF23E6CF1F009F9218 /* seat-codeTests */ = {
			isa = PBXNativeTarget;
			buildConfigurationList = 141580E723E6CF1F009F9218 /* Build configuration list for PBXNativeTarget "seat-codeTests" */;
			buildPhases = (
				911EE4DC591D7BFACBF72C77 /* [CP] Check Pods Manifest.lock */,
				141580CC23E6CF1F009F9218 /* Sources */,
				141580CD23E6CF1F009F9218 /* Frameworks */,
				141580CE23E6CF1F009F9218 /* Resources */,
			);
			buildRules = (
			);
			dependencies = (
				141580D223E6CF1F009F9218 /* PBXTargetDependency */,
			);
			name = "seat-codeTests";
			productName = "seat-codeTests";
			productReference = 141580D023E6CF1F009F9218 /* seat-codeTests.xctest */;
			productType = "com.apple.product-type.bundle.unit-test";
		};
		141580DA23E6CF1F009F9218 /* seat-codeUITests */ = {
			isa = PBXNativeTarget;
			buildConfigurationList = 141580EA23E6CF1F009F9218 /* Build configuration list for PBXNativeTarget "seat-codeUITests" */;
			buildPhases = (
				DB7388BE2D66F12948FB7F62 /* [CP] Check Pods Manifest.lock */,
				141580D723E6CF1F009F9218 /* Sources */,
				141580D823E6CF1F009F9218 /* Frameworks */,
				141580D923E6CF1F009F9218 /* Resources */,
			);
			buildRules = (
			);
			dependencies = (
				141580DD23E6CF1F009F9218 /* PBXTargetDependency */,
			);
			name = "seat-codeUITests";
			productName = "seat-codeUITests";
			productReference = 141580DB23E6CF1F009F9218 /* seat-codeUITests.xctest */;
			productType = "com.apple.product-type.bundle.ui-testing";
		};
/* End PBXNativeTarget section */

/* Begin PBXProject section */
		141580B123E6CF1C009F9218 /* Project object */ = {
			isa = PBXProject;
			attributes = {
				LastSwiftUpdateCheck = 1030;
				LastUpgradeCheck = 1030;
				ORGANIZATIONNAME = Sephirot36;
				TargetAttributes = {
					141580B823E6CF1C009F9218 = {
						CreatedOnToolsVersion = 10.3;
					};
					141580CF23E6CF1F009F9218 = {
						CreatedOnToolsVersion = 10.3;
						TestTargetID = 141580B823E6CF1C009F9218;
					};
					141580DA23E6CF1F009F9218 = {
						CreatedOnToolsVersion = 10.3;
						TestTargetID = 141580B823E6CF1C009F9218;
					};
				};
			};
			buildConfigurationList = 141580B423E6CF1C009F9218 /* Build configuration list for PBXProject "seat-code" */;
			compatibilityVersion = "Xcode 9.3";
			developmentRegion = en;
			hasScannedForEncodings = 0;
			knownRegions = (
				en,
				Base,
			);
			mainGroup = 141580B023E6CF1C009F9218;
			productRefGroup = 141580BA23E6CF1C009F9218 /* Products */;
			projectDirPath = "";
			projectRoot = "";
			targets = (
				141580B823E6CF1C009F9218 /* seat-code */,
				141580CF23E6CF1F009F9218 /* seat-codeTests */,
				141580DA23E6CF1F009F9218 /* seat-codeUITests */,
			);
		};
/* End PBXProject section */

/* Begin PBXResourcesBuildPhase section */
		141580B723E6CF1C009F9218 /* Resources */ = {
			isa = PBXResourcesBuildPhase;
			buildActionMask = 2147483647;
			files = (
				DA38878623E8345E00EDEBFC /* TripTableViewCell.xib in Resources */,
				141580CA23E6CF1F009F9218 /* LaunchScreen.storyboard in Resources */,
				141580C723E6CF1F009F9218 /* Assets.xcassets in Resources */,
				141580C223E6CF1D009F9218 /* Main.storyboard in Resources */,
			);
			runOnlyForDeploymentPostprocessing = 0;
		};
		141580CE23E6CF1F009F9218 /* Resources */ = {
			isa = PBXResourcesBuildPhase;
			buildActionMask = 2147483647;
			files = (
			);
			runOnlyForDeploymentPostprocessing = 0;
		};
		141580D923E6CF1F009F9218 /* Resources */ = {
			isa = PBXResourcesBuildPhase;
			buildActionMask = 2147483647;
			files = (
			);
			runOnlyForDeploymentPostprocessing = 0;
		};
/* End PBXResourcesBuildPhase section */

/* Begin PBXShellScriptBuildPhase section */
		32CDE80B0A2A5E3E5480F9B9 /* [CP] Check Pods Manifest.lock */ = {
			isa = PBXShellScriptBuildPhase;
			buildActionMask = 2147483647;
			files = (
			);
			inputFileListPaths = (
			);
			inputPaths = (
				"${PODS_PODFILE_DIR_PATH}/Podfile.lock",
				"${PODS_ROOT}/Manifest.lock",
			);
			name = "[CP] Check Pods Manifest.lock";
			outputFileListPaths = (
			);
			outputPaths = (
				"$(DERIVED_FILE_DIR)/Pods-seat-code-checkManifestLockResult.txt",
			);
			runOnlyForDeploymentPostprocessing = 0;
			shellPath = /bin/sh;
			shellScript = "diff \"${PODS_PODFILE_DIR_PATH}/Podfile.lock\" \"${PODS_ROOT}/Manifest.lock\" > /dev/null\nif [ $? != 0 ] ; then\n    # print error to STDERR\n    echo \"error: The sandbox is not in sync with the Podfile.lock. Run 'pod install' or update your CocoaPods installation.\" >&2\n    exit 1\nfi\n# This output is used by Xcode 'outputs' to avoid re-running this script phase.\necho \"SUCCESS\" > \"${SCRIPT_OUTPUT_FILE_0}\"\n";
			showEnvVarsInLog = 0;
		};
		911EE4DC591D7BFACBF72C77 /* [CP] Check Pods Manifest.lock */ = {
			isa = PBXShellScriptBuildPhase;
			buildActionMask = 2147483647;
			files = (
			);
			inputFileListPaths = (
			);
			inputPaths = (
				"${PODS_PODFILE_DIR_PATH}/Podfile.lock",
				"${PODS_ROOT}/Manifest.lock",
			);
			name = "[CP] Check Pods Manifest.lock";
			outputFileListPaths = (
			);
			outputPaths = (
				"$(DERIVED_FILE_DIR)/Pods-seat-codeTests-checkManifestLockResult.txt",
			);
			runOnlyForDeploymentPostprocessing = 0;
			shellPath = /bin/sh;
			shellScript = "diff \"${PODS_PODFILE_DIR_PATH}/Podfile.lock\" \"${PODS_ROOT}/Manifest.lock\" > /dev/null\nif [ $? != 0 ] ; then\n    # print error to STDERR\n    echo \"error: The sandbox is not in sync with the Podfile.lock. Run 'pod install' or update your CocoaPods installation.\" >&2\n    exit 1\nfi\n# This output is used by Xcode 'outputs' to avoid re-running this script phase.\necho \"SUCCESS\" > \"${SCRIPT_OUTPUT_FILE_0}\"\n";
			showEnvVarsInLog = 0;
		};
		AC1F4BEE84307AEE6DE83701 /* [CP] Copy Pods Resources */ = {
			isa = PBXShellScriptBuildPhase;
			buildActionMask = 2147483647;
			files = (
			);
			inputFileListPaths = (
				"${PODS_ROOT}/Target Support Files/Pods-seat-code/Pods-seat-code-resources-${CONFIGURATION}-input-files.xcfilelist",
			);
			name = "[CP] Copy Pods Resources";
			outputFileListPaths = (
				"${PODS_ROOT}/Target Support Files/Pods-seat-code/Pods-seat-code-resources-${CONFIGURATION}-output-files.xcfilelist",
			);
			runOnlyForDeploymentPostprocessing = 0;
			shellPath = /bin/sh;
			shellScript = "\"${PODS_ROOT}/Target Support Files/Pods-seat-code/Pods-seat-code-resources.sh\"\n";
			showEnvVarsInLog = 0;
		};
		B228A2F985A8728125A0761D /* [CP] Embed Pods Frameworks */ = {
			isa = PBXShellScriptBuildPhase;
			buildActionMask = 2147483647;
			files = (
			);
			inputFileListPaths = (
				"${PODS_ROOT}/Target Support Files/Pods-seat-code/Pods-seat-code-frameworks-${CONFIGURATION}-input-files.xcfilelist",
			);
			name = "[CP] Embed Pods Frameworks";
			outputFileListPaths = (
				"${PODS_ROOT}/Target Support Files/Pods-seat-code/Pods-seat-code-frameworks-${CONFIGURATION}-output-files.xcfilelist",
			);
			runOnlyForDeploymentPostprocessing = 0;
			shellPath = /bin/sh;
			shellScript = "\"${PODS_ROOT}/Target Support Files/Pods-seat-code/Pods-seat-code-frameworks.sh\"\n";
			showEnvVarsInLog = 0;
		};
		DB7388BE2D66F12948FB7F62 /* [CP] Check Pods Manifest.lock */ = {
			isa = PBXShellScriptBuildPhase;
			buildActionMask = 2147483647;
			files = (
			);
			inputFileListPaths = (
			);
			inputPaths = (
				"${PODS_PODFILE_DIR_PATH}/Podfile.lock",
				"${PODS_ROOT}/Manifest.lock",
			);
			name = "[CP] Check Pods Manifest.lock";
			outputFileListPaths = (
			);
			outputPaths = (
				"$(DERIVED_FILE_DIR)/Pods-seat-codeUITests-checkManifestLockResult.txt",
			);
			runOnlyForDeploymentPostprocessing = 0;
			shellPath = /bin/sh;
			shellScript = "diff \"${PODS_PODFILE_DIR_PATH}/Podfile.lock\" \"${PODS_ROOT}/Manifest.lock\" > /dev/null\nif [ $? != 0 ] ; then\n    # print error to STDERR\n    echo \"error: The sandbox is not in sync with the Podfile.lock. Run 'pod install' or update your CocoaPods installation.\" >&2\n    exit 1\nfi\n# This output is used by Xcode 'outputs' to avoid re-running this script phase.\necho \"SUCCESS\" > \"${SCRIPT_OUTPUT_FILE_0}\"\n";
			showEnvVarsInLog = 0;
		};
/* End PBXShellScriptBuildPhase section */

/* Begin PBXSourcesBuildPhase section */
		141580B523E6CF1C009F9218 /* Sources */ = {
			isa = PBXSourcesBuildPhase;
			buildActionMask = 2147483647;
			files = (
				DA38878323E8342B00EDEBFC /* TripTableViewCell.swift in Sources */,
				DAFB217A23EAC5BC00D4E57B /* MapControllerProtocol.swift in Sources */,
				141580F123E6DC6E009F9218 /* Trip.swift in Sources */,
				141580BF23E6CF1C009F9218 /* MainViewController.swift in Sources */,
				141580FF23E738A7009F9218 /* DataProvider.swift in Sources */,
				141580FC23E7379B009F9218 /* ResourcesApi.swift in Sources */,
				141580F323E6E37B009F9218 /* Stop.swift in Sources */,
				DA38878923E852E700EDEBFC /* String+Extension.swift in Sources */,
				141580C523E6CF1D009F9218 /* seat_code.xcdatamodeld in Sources */,
				141580F723E6E969009F9218 /* Point.swift in Sources */,
				1415810123E738CF009F9218 /* NetworkProvider.swift in Sources */,
				141580BD23E6CF1C009F9218 /* AppDelegate.swift in Sources */,
				DAFB217D23EACAC500D4E57B /* GmapsController.swift in Sources */,
				DA38878B23E8577400EDEBFC /* Date+Extension.swift in Sources */,
				141580F923E73325009F9218 /* MainViewModel.swift in Sources */,
				141580F523E6E3B7009F9218 /* MapPoint.swift in Sources */,
			);
			runOnlyForDeploymentPostprocessing = 0;
		};
		141580CC23E6CF1F009F9218 /* Sources */ = {
			isa = PBXSourcesBuildPhase;
			buildActionMask = 2147483647;
			files = (
				141580D523E6CF1F009F9218 /* seat_codeTests.swift in Sources */,
			);
			runOnlyForDeploymentPostprocessing = 0;
		};
		141580D723E6CF1F009F9218 /* Sources */ = {
			isa = PBXSourcesBuildPhase;
			buildActionMask = 2147483647;
			files = (
				141580E023E6CF1F009F9218 /* seat_codeUITests.swift in Sources */,
			);
			runOnlyForDeploymentPostprocessing = 0;
		};
/* End PBXSourcesBuildPhase section */

/* Begin PBXTargetDependency section */
		141580D223E6CF1F009F9218 /* PBXTargetDependency */ = {
			isa = PBXTargetDependency;
			target = 141580B823E6CF1C009F9218 /* seat-code */;
			targetProxy = 141580D123E6CF1F009F9218 /* PBXContainerItemProxy */;
		};
		141580DD23E6CF1F009F9218 /* PBXTargetDependency */ = {
			isa = PBXTargetDependency;
			target = 141580B823E6CF1C009F9218 /* seat-code */;
			targetProxy = 141580DC23E6CF1F009F9218 /* PBXContainerItemProxy */;
		};
/* End PBXTargetDependency section */

/* Begin PBXVariantGroup section */
		141580C023E6CF1D009F9218 /* Main.storyboard */ = {
			isa = PBXVariantGroup;
			children = (
				141580C123E6CF1D009F9218 /* Base */,
			);
			name = Main.storyboard;
			sourceTree = "<group>";
		};
		141580C823E6CF1F009F9218 /* LaunchScreen.storyboard */ = {
			isa = PBXVariantGroup;
			children = (
				141580C923E6CF1F009F9218 /* Base */,
			);
			name = LaunchScreen.storyboard;
			sourceTree = "<group>";
		};
/* End PBXVariantGroup section */

/* Begin XCBuildConfiguration section */
		141580E223E6CF1F009F9218 /* Debug */ = {
			isa = XCBuildConfiguration;
			buildSettings = {
				ALWAYS_SEARCH_USER_PATHS = NO;
				CLANG_ANALYZER_NONNULL = YES;
				CLANG_ANALYZER_NUMBER_OBJECT_CONVERSION = YES_AGGRESSIVE;
				CLANG_CXX_LANGUAGE_STANDARD = "gnu++14";
				CLANG_CXX_LIBRARY = "libc++";
				CLANG_ENABLE_MODULES = YES;
				CLANG_ENABLE_OBJC_ARC = YES;
				CLANG_ENABLE_OBJC_WEAK = YES;
				CLANG_WARN_BLOCK_CAPTURE_AUTORELEASING = YES;
				CLANG_WARN_BOOL_CONVERSION = YES;
				CLANG_WARN_COMMA = YES;
				CLANG_WARN_CONSTANT_CONVERSION = YES;
				CLANG_WARN_DEPRECATED_OBJC_IMPLEMENTATIONS = YES;
				CLANG_WARN_DIRECT_OBJC_ISA_USAGE = YES_ERROR;
				CLANG_WARN_DOCUMENTATION_COMMENTS = YES;
				CLANG_WARN_EMPTY_BODY = YES;
				CLANG_WARN_ENUM_CONVERSION = YES;
				CLANG_WARN_INFINITE_RECURSION = YES;
				CLANG_WARN_INT_CONVERSION = YES;
				CLANG_WARN_NON_LITERAL_NULL_CONVERSION = YES;
				CLANG_WARN_OBJC_IMPLICIT_RETAIN_SELF = YES;
				CLANG_WARN_OBJC_LITERAL_CONVERSION = YES;
				CLANG_WARN_OBJC_ROOT_CLASS = YES_ERROR;
				CLANG_WARN_RANGE_LOOP_ANALYSIS = YES;
				CLANG_WARN_STRICT_PROTOTYPES = YES;
				CLANG_WARN_SUSPICIOUS_MOVE = YES;
				CLANG_WARN_UNGUARDED_AVAILABILITY = YES_AGGRESSIVE;
				CLANG_WARN_UNREACHABLE_CODE = YES;
				CLANG_WARN__DUPLICATE_METHOD_MATCH = YES;
				CODE_SIGN_IDENTITY = "iPhone Developer";
				COPY_PHASE_STRIP = NO;
				DEBUG_INFORMATION_FORMAT = dwarf;
				ENABLE_STRICT_OBJC_MSGSEND = YES;
				ENABLE_TESTABILITY = YES;
				GCC_C_LANGUAGE_STANDARD = gnu11;
				GCC_DYNAMIC_NO_PIC = NO;
				GCC_NO_COMMON_BLOCKS = YES;
				GCC_OPTIMIZATION_LEVEL = 0;
				GCC_PREPROCESSOR_DEFINITIONS = (
					"DEBUG=1",
					"$(inherited)",
				);
				GCC_WARN_64_TO_32_BIT_CONVERSION = YES;
				GCC_WARN_ABOUT_RETURN_TYPE = YES_ERROR;
				GCC_WARN_UNDECLARED_SELECTOR = YES;
				GCC_WARN_UNINITIALIZED_AUTOS = YES_AGGRESSIVE;
				GCC_WARN_UNUSED_FUNCTION = YES;
				GCC_WARN_UNUSED_VARIABLE = YES;
				IPHONEOS_DEPLOYMENT_TARGET = 12.4;
				MTL_ENABLE_DEBUG_INFO = INCLUDE_SOURCE;
				MTL_FAST_MATH = YES;
				ONLY_ACTIVE_ARCH = YES;
				SDKROOT = iphoneos;
				SWIFT_ACTIVE_COMPILATION_CONDITIONS = DEBUG;
				SWIFT_OPTIMIZATION_LEVEL = "-Onone";
			};
			name = Debug;
		};
		141580E323E6CF1F009F9218 /* Release */ = {
			isa = XCBuildConfiguration;
			buildSettings = {
				ALWAYS_SEARCH_USER_PATHS = NO;
				CLANG_ANALYZER_NONNULL = YES;
				CLANG_ANALYZER_NUMBER_OBJECT_CONVERSION = YES_AGGRESSIVE;
				CLANG_CXX_LANGUAGE_STANDARD = "gnu++14";
				CLANG_CXX_LIBRARY = "libc++";
				CLANG_ENABLE_MODULES = YES;
				CLANG_ENABLE_OBJC_ARC = YES;
				CLANG_ENABLE_OBJC_WEAK = YES;
				CLANG_WARN_BLOCK_CAPTURE_AUTORELEASING = YES;
				CLANG_WARN_BOOL_CONVERSION = YES;
				CLANG_WARN_COMMA = YES;
				CLANG_WARN_CONSTANT_CONVERSION = YES;
				CLANG_WARN_DEPRECATED_OBJC_IMPLEMENTATIONS = YES;
				CLANG_WARN_DIRECT_OBJC_ISA_USAGE = YES_ERROR;
				CLANG_WARN_DOCUMENTATION_COMMENTS = YES;
				CLANG_WARN_EMPTY_BODY = YES;
				CLANG_WARN_ENUM_CONVERSION = YES;
				CLANG_WARN_INFINITE_RECURSION = YES;
				CLANG_WARN_INT_CONVERSION = YES;
				CLANG_WARN_NON_LITERAL_NULL_CONVERSION = YES;
				CLANG_WARN_OBJC_IMPLICIT_RETAIN_SELF = YES;
				CLANG_WARN_OBJC_LITERAL_CONVERSION = YES;
				CLANG_WARN_OBJC_ROOT_CLASS = YES_ERROR;
				CLANG_WARN_RANGE_LOOP_ANALYSIS = YES;
				CLANG_WARN_STRICT_PROTOTYPES = YES;
				CLANG_WARN_SUSPICIOUS_MOVE = YES;
				CLANG_WARN_UNGUARDED_AVAILABILITY = YES_AGGRESSIVE;
				CLANG_WARN_UNREACHABLE_CODE = YES;
				CLANG_WARN__DUPLICATE_METHOD_MATCH = YES;
				CODE_SIGN_IDENTITY = "iPhone Developer";
				COPY_PHASE_STRIP = NO;
				DEBUG_INFORMATION_FORMAT = "dwarf-with-dsym";
				ENABLE_NS_ASSERTIONS = NO;
				ENABLE_STRICT_OBJC_MSGSEND = YES;
				GCC_C_LANGUAGE_STANDARD = gnu11;
				GCC_NO_COMMON_BLOCKS = YES;
				GCC_WARN_64_TO_32_BIT_CONVERSION = YES;
				GCC_WARN_ABOUT_RETURN_TYPE = YES_ERROR;
				GCC_WARN_UNDECLARED_SELECTOR = YES;
				GCC_WARN_UNINITIALIZED_AUTOS = YES_AGGRESSIVE;
				GCC_WARN_UNUSED_FUNCTION = YES;
				GCC_WARN_UNUSED_VARIABLE = YES;
				IPHONEOS_DEPLOYMENT_TARGET = 12.4;
				MTL_ENABLE_DEBUG_INFO = NO;
				MTL_FAST_MATH = YES;
				SDKROOT = iphoneos;
				SWIFT_COMPILATION_MODE = wholemodule;
				SWIFT_OPTIMIZATION_LEVEL = "-O";
				VALIDATE_PRODUCT = YES;
			};
			name = Release;
		};
		141580E523E6CF1F009F9218 /* Debug */ = {
			isa = XCBuildConfiguration;
			baseConfigurationReference = 8D2BE8622AB3682129542829 /* Pods-seat-code.debug.xcconfig */;
			buildSettings = {
				ASSETCATALOG_COMPILER_APPICON_NAME = AppIcon;
				CODE_SIGN_STYLE = Automatic;
				INFOPLIST_FILE = "seat-code/Info.plist";
				LD_RUNPATH_SEARCH_PATHS = (
					"$(inherited)",
					"@executable_path/Frameworks",
				);
				PRODUCT_BUNDLE_IDENTIFIER = "com.sephirot36.seat-code";
				PRODUCT_NAME = "$(TARGET_NAME)";
				SWIFT_VERSION = 5.0;
				TARGETED_DEVICE_FAMILY = "1,2";
			};
			name = Debug;
		};
		141580E623E6CF1F009F9218 /* Release */ = {
			isa = XCBuildConfiguration;
			baseConfigurationReference = DDFAFA19F217DED80F10C3AC /* Pods-seat-code.release.xcconfig */;
			buildSettings = {
				ASSETCATALOG_COMPILER_APPICON_NAME = AppIcon;
				CODE_SIGN_STYLE = Automatic;
				INFOPLIST_FILE = "seat-code/Info.plist";
				LD_RUNPATH_SEARCH_PATHS = (
					"$(inherited)",
					"@executable_path/Frameworks",
				);
				PRODUCT_BUNDLE_IDENTIFIER = "com.sephirot36.seat-code";
				PRODUCT_NAME = "$(TARGET_NAME)";
				SWIFT_VERSION = 5.0;
				TARGETED_DEVICE_FAMILY = "1,2";
			};
			name = Release;
		};
		141580E823E6CF1F009F9218 /* Debug */ = {
			isa = XCBuildConfiguration;
			baseConfigurationReference = 40087BAB39A5296257128430 /* Pods-seat-codeTests.debug.xcconfig */;
			buildSettings = {
				ALWAYS_EMBED_SWIFT_STANDARD_LIBRARIES = YES;
				BUNDLE_LOADER = "$(TEST_HOST)";
				CODE_SIGN_STYLE = Automatic;
				INFOPLIST_FILE = "seat-codeTests/Info.plist";
				LD_RUNPATH_SEARCH_PATHS = (
					"$(inherited)",
					"@executable_path/Frameworks",
					"@loader_path/Frameworks",
				);
				PRODUCT_BUNDLE_IDENTIFIER = "com.sephirot36.seat-codeTests";
				PRODUCT_NAME = "$(TARGET_NAME)";
				SWIFT_VERSION = 5.0;
				TARGETED_DEVICE_FAMILY = "1,2";
				TEST_HOST = "$(BUILT_PRODUCTS_DIR)/seat-code.app/seat-code";
			};
			name = Debug;
		};
		141580E923E6CF1F009F9218 /* Release */ = {
			isa = XCBuildConfiguration;
			baseConfigurationReference = 33B1F74E84A33902E41B9D3A /* Pods-seat-codeTests.release.xcconfig */;
			buildSettings = {
				ALWAYS_EMBED_SWIFT_STANDARD_LIBRARIES = YES;
				BUNDLE_LOADER = "$(TEST_HOST)";
				CODE_SIGN_STYLE = Automatic;
				INFOPLIST_FILE = "seat-codeTests/Info.plist";
				LD_RUNPATH_SEARCH_PATHS = (
					"$(inherited)",
					"@executable_path/Frameworks",
					"@loader_path/Frameworks",
				);
				PRODUCT_BUNDLE_IDENTIFIER = "com.sephirot36.seat-codeTests";
				PRODUCT_NAME = "$(TARGET_NAME)";
				SWIFT_VERSION = 5.0;
				TARGETED_DEVICE_FAMILY = "1,2";
				TEST_HOST = "$(BUILT_PRODUCTS_DIR)/seat-code.app/seat-code";
			};
			name = Release;
		};
		141580EB23E6CF1F009F9218 /* Debug */ = {
			isa = XCBuildConfiguration;
			baseConfigurationReference = 964D855A8957945352BA8517 /* Pods-seat-codeUITests.debug.xcconfig */;
			buildSettings = {
				ALWAYS_EMBED_SWIFT_STANDARD_LIBRARIES = YES;
				CODE_SIGN_STYLE = Automatic;
				INFOPLIST_FILE = "seat-codeUITests/Info.plist";
				LD_RUNPATH_SEARCH_PATHS = (
					"$(inherited)",
					"@executable_path/Frameworks",
					"@loader_path/Frameworks",
				);
				PRODUCT_BUNDLE_IDENTIFIER = "com.sephirot36.seat-codeUITests";
				PRODUCT_NAME = "$(TARGET_NAME)";
				SWIFT_VERSION = 5.0;
				TARGETED_DEVICE_FAMILY = "1,2";
				TEST_TARGET_NAME = "seat-code";
			};
			name = Debug;
		};
		141580EC23E6CF1F009F9218 /* Release */ = {
			isa = XCBuildConfiguration;
			baseConfigurationReference = 94AFFC1D74E8D3783FA82BE0 /* Pods-seat-codeUITests.release.xcconfig */;
			buildSettings = {
				ALWAYS_EMBED_SWIFT_STANDARD_LIBRARIES = YES;
				CODE_SIGN_STYLE = Automatic;
				INFOPLIST_FILE = "seat-codeUITests/Info.plist";
				LD_RUNPATH_SEARCH_PATHS = (
					"$(inherited)",
					"@executable_path/Frameworks",
					"@loader_path/Frameworks",
				);
				PRODUCT_BUNDLE_IDENTIFIER = "com.sephirot36.seat-codeUITests";
				PRODUCT_NAME = "$(TARGET_NAME)";
				SWIFT_VERSION = 5.0;
				TARGETED_DEVICE_FAMILY = "1,2";
				TEST_TARGET_NAME = "seat-code";
			};
			name = Release;
		};
/* End XCBuildConfiguration section */

/* Begin XCConfigurationList section */
		141580B423E6CF1C009F9218 /* Build configuration list for PBXProject "seat-code" */ = {
			isa = XCConfigurationList;
			buildConfigurations = (
				141580E223E6CF1F009F9218 /* Debug */,
				141580E323E6CF1F009F9218 /* Release */,
			);
			defaultConfigurationIsVisible = 0;
			defaultConfigurationName = Release;
		};
		141580E423E6CF1F009F9218 /* Build configuration list for PBXNativeTarget "seat-code" */ = {
			isa = XCConfigurationList;
			buildConfigurations = (
				141580E523E6CF1F009F9218 /* Debug */,
				141580E623E6CF1F009F9218 /* Release */,
			);
			defaultConfigurationIsVisible = 0;
			defaultConfigurationName = Release;
		};
		141580E723E6CF1F009F9218 /* Build configuration list for PBXNativeTarget "seat-codeTests" */ = {
			isa = XCConfigurationList;
			buildConfigurations = (
				141580E823E6CF1F009F9218 /* Debug */,
				141580E923E6CF1F009F9218 /* Release */,
			);
			defaultConfigurationIsVisible = 0;
			defaultConfigurationName = Release;
		};
		141580EA23E6CF1F009F9218 /* Build configuration list for PBXNativeTarget "seat-codeUITests" */ = {
			isa = XCConfigurationList;
			buildConfigurations = (
				141580EB23E6CF1F009F9218 /* Debug */,
				141580EC23E6CF1F009F9218 /* Release */,
			);
			defaultConfigurationIsVisible = 0;
			defaultConfigurationName = Release;
		};
/* End XCConfigurationList section */

/* Begin XCVersionGroup section */
		141580C323E6CF1D009F9218 /* seat_code.xcdatamodeld */ = {
			isa = XCVersionGroup;
			children = (
				141580C423E6CF1D009F9218 /* seat_code.xcdatamodel */,
			);
			currentVersion = 141580C423E6CF1D009F9218 /* seat_code.xcdatamodel */;
			path = seat_code.xcdatamodeld;
			sourceTree = "<group>";
			versionGroupType = wrapper.xcdatamodel;
		};
/* End XCVersionGroup section */
	};
	rootObject = 141580B123E6CF1C009F9218 /* Project object */;
}
